
Microsoft Visual Studio Solution File, Format Version 12.00
# Visual Studio Version 17
VisualStudioVersion = 17.10.34928.147
MinimumVisualStudioVersion = 10.0.40219.1
Project("{FAE04EC0-301F-11D3-BF4B-00C04F79EFBC}") = "GitLogAggregator", "GitLogAggregator\GitLogAggregator.csproj", "{BCD3493B-1942-4965-A93E-75279B2BA82A}"
EndProject
Project("{FAE04EC0-301F-11D3-BF4B-00C04F79EFBC}") = "ET", "ET\ET.csproj", "{5A6B3535-8B78-43A6-8EC0-64CFAC01CF22}"
EndProject
Project("{FAE04EC0-301F-11D3-BF4B-00C04F79EFBC}") = "DAL", "DAL\DAL.csproj", "{DC8CE95D-0862-4A31-ACDE-16DC64C3EF18}"
EndProject
Project("{FAE04EC0-301F-11D3-BF4B-00C04F79EFBC}") = "BUS", "BUS\BUS.csproj", "{CD14DFEE-D6C6-464D-96F1-AA860E4FDF33}"
EndProject
Global
	GlobalSection(SolutionConfigurationPlatforms) = preSolution
		Debug|Any CPU = Debug|Any CPU
		Release|Any CPU = Release|Any CPU
	EndGlobalSection
	GlobalSection(ProjectConfigurationPlatforms) = postSolution
		{BCD3493B-1942-4965-A93E-75279B2BA82A}.Debug|Any CPU.ActiveCfg = Debug|Any CPU
		{BCD3493B-1942-4965-A93E-75279B2BA82A}.Debug|Any CPU.Build.0 = Debug|Any CPU
		{BCD3493B-1942-4965-A93E-75279B2BA82A}.Release|Any CPU.ActiveCfg = Release|Any CPU
		{BCD3493B-1942-4965-A93E-75279B2BA82A}.Release|Any CPU.Build.0 = Release|Any CPU
		{5A6B3535-8B78-43A6-8EC0-64CFAC01CF22}.Debug|Any CPU.ActiveCfg = Debug|Any CPU
		{5A6B3535-8B78-43A6-8EC0-64CFAC01CF22}.Debug|Any CPU.Build.0 = Debug|Any CPU
		{5A6B3535-8B78-43A6-8EC0-64CFAC01CF22}.Release|Any CPU.ActiveCfg = Release|Any CPU
		{5A6B3535-8B78-43A6-8EC0-64CFAC01CF22}.Release|Any CPU.Build.0 = Release|Any CPU
		{DC8CE95D-0862-4A31-ACDE-16DC64C3EF18}.Debug|Any CPU.ActiveCfg = Debug|Any CPU
		{DC8CE95D-0862-4A31-ACDE-16DC64C3EF18}.Debug|Any CPU.Build.0 = Debug|Any CPU
		{DC8CE95D-0862-4A31-ACDE-16DC64C3EF18}.Release|Any CPU.ActiveCfg = Release|Any CPU
		{DC8CE95D-0862-4A31-ACDE-16DC64C3EF18}.Release|Any CPU.Build.0 = Release|Any CPU
		{CD14DFEE-D6C6-464D-96F1-AA860E4FDF33}.Debug|Any CPU.ActiveCfg = Debug|Any CPU
		{CD14DFEE-D6C6-464D-96F1-AA860E4FDF33}.Debug|Any CPU.Build.0 = Debug|Any CPU
		{CD14DFEE-D6C6-464D-96F1-AA860E4FDF33}.Release|Any CPU.ActiveCfg = Release|Any CPU
		{CD14DFEE-D6C6-464D-96F1-AA860E4FDF33}.Release|Any CPU.Build.0 = Release|Any CPU
	EndGlobalSection
	GlobalSection(SolutionProperties) = preSolution
		HideSolutionNode = FALSE
	EndGlobalSection
	GlobalSection(ExtensibilityGlobals) = postSolution
		SolutionGuid = {3459AC1C-7934-45F6-B976-85B8B11EF38B}
	EndGlobalSection
EndGlobal
